// !$*UTF8*$!
{
	archiveVersion = 1;
	classes = {
	};
	objectVersion = 77;
	objects = {

/* Begin PBXContainerItemProxy section */
		96A7EA602DDD45F500D57984 /* PBXContainerItemProxy */ = {
			isa = PBXContainerItemProxy;
			containerPortal = 96A7EA472DDD45F200D57984 /* Project object */;
			proxyType = 1;
			remoteGlobalIDString = 96A7EA4E2DDD45F200D57984;
			remoteInfo = intellijpa;
		};
		96A7EA6A2DDD45F500D57984 /* PBXContainerItemProxy */ = {
			isa = PBXContainerItemProxy;
			containerPortal = 96A7EA472DDD45F200D57984 /* Project object */;
			proxyType = 1;
			remoteGlobalIDString = 96A7EA4E2DDD45F200D57984;
			remoteInfo = intellijpa;
		};
/* End PBXContainerItemProxy section */

/* Begin PBXFileReference section */
		96A7EA4F2DDD45F200D57984 /* intellijpa.app */ = {isa = PBXFileReference; explicitFileType = wrapper.application; includeInIndex = 0; path = intellijpa.app; sourceTree = BUILT_PRODUCTS_DIR; };
		96A7EA5F2DDD45F500D57984 /* intellijpaTests.xctest */ = {isa = PBXFileReference; explicitFileType = wrapper.cfbundle; includeInIndex = 0; path = intellijpaTests.xctest; sourceTree = BUILT_PRODUCTS_DIR; };
		96A7EA692DDD45F500D57984 /* intellijpaUITests.xctest */ = {isa = PBXFileReference; explicitFileType = wrapper.cfbundle; includeInIndex = 0; path = intellijpaUITests.xctest; sourceTree = BUILT_PRODUCTS_DIR; };
		96A7EA7C2DDD45F500D57985 /* AVFoundation.framework */ = {isa = PBXFileReference; lastKnownFileType = wrapper.framework; name = AVFoundation.framework; path = System/Library/Frameworks/AVFoundation.framework; sourceTree = SDKROOT; };
		96A7EA7E2DDD45F500D57987 /* Info.plist */ = {isa = PBXFileReference; lastKnownFileType = text.plist.xml; name = Info.plist; path = intellijpa/Info.plist; sourceTree = "<group>"; };
		96A7EA7F2DDD45F500D57988 /* AudioRecorder.swift */ = {isa = PBXFileReference; lastKnownFileType = sourcecode.swift; name = AudioRecorder.swift; path = intellijpa/AudioRecorder.swift; sourceTree = "<group>"; };
		96A7EA812DDD45F500D57990 /* ContentView.swift */ = {isa = PBXFileReference; lastKnownFileType = sourcecode.swift; name = ContentView.swift; path = intellijpa/ContentView.swift; sourceTree = "<group>"; };
		96A7EA822DDD45F500D57991 /* Item.swift */ = {isa = PBXFileReference; lastKnownFileType = sourcecode.swift; name = Item.swift; path = intellijpa/Item.swift; sourceTree = "<group>"; };
		96A7EA832DDD45F500D57992 /* intellijpaApp.swift */ = {isa = PBXFileReference; lastKnownFileType = sourcecode.swift; name = intellijpaApp.swift; path = intellijpa/intellijpaApp.swift; sourceTree = "<group>"; };
		96A7EA872DDD45F500D57996 /* Assets.xcassets */ = {isa = PBXFileReference; lastKnownFileType = folder.assetcatalog; name = Assets.xcassets; path = intellijpa/Assets.xcassets; sourceTree = "<group>"; };
		96A7EA882DDD45F500D57997 /* intellijpa.entitlements */ = {isa = PBXFileReference; lastKnownFileType = text.plist.entitlements; name = intellijpa.entitlements; path = intellijpa/intellijpa.entitlements; sourceTree = "<group>"; };
/* End PBXFileReference section */

/* Begin PBXFileSystemSynchronizedRootGroup section */
		96A7EA512DDD45F200D57984 /* intellijpa */ = {
			isa = PBXGroup;
			children = (
				96A7EA7F2DDD45F500D57988 /* AudioRecorder.swift */,
				96A7EA7E2DDD45F500D57987 /* Info.plist */,
				96A7EA812DDD45F500D57990 /* ContentView.swift */,
				96A7EA822DDD45F500D57991 /* Item.swift */,
				96A7EA832DDD45F500D57992 /* intellijpaApp.swift */,
				96A7EA872DDD45F500D57996 /* Assets.xcassets */,
				96A7EA882DDD45F500D57997 /* intellijpa.entitlements */,
			);
			path = intellijpa;
			sourceTree = "<group>";
		};
		96A7EA622DDD45F500D57984 /* intellijpaTests */ = {
			isa = PBXFileSystemSynchronizedRootGroup;
			path = intellijpaTests;
			sourceTree = "<group>";
		};
		96A7EA6C2DDD45F500D57984 /* intellijpaUITests */ = {
			isa = PBXFileSystemSynchronizedRootGroup;
			path = intellijpaUITests;
			sourceTree = "<group>";
		};
/* End PBXFileSystemSynchronizedRootGroup section */

/* Begin PBXFrameworksBuildPhase section */
		96A7EA4C2DDD45F200D57984 /* Frameworks */ = {
			isa = PBXFrameworksBuildPhase;
			buildActionMask = 2147483647;
			files = (
				96A7EA7D2DDD45F500D57986 /* AVFoundation.framework in Frameworks */,
			);
			runOnlyForDeploymentPostprocessing = 0;
		};
		96A7EA5C2DDD45F500D57984 /* Frameworks */ = {
			isa = PBXFrameworksBuildPhase;
			buildActionMask = 2147483647;
			files = (
			);
			runOnlyForDeploymentPostprocessing = 0;
		};
		96A7EA662DDD45F500D57984 /* Frameworks */ = {
			isa = PBXFrameworksBuildPhase;
			buildActionMask = 2147483647;
			files = (
			);
			runOnlyForDeploymentPostprocessing = 0;
		};
/* End PBXFrameworksBuildPhase section */

/* Begin PBXGroup section */
		96A7EA462DDD45F200D57984 = {
			isa = PBXGroup;
			children = (
				96A7EA512DDD45F200D57984 /* intellijpa */,
				96A7EA622DDD45F500D57984 /* intellijpaTests */,
				96A7EA6C2DDD45F500D57984 /* intellijpaUITests */,
				96A7EA502DDD45F200D57984 /* Products */,
				96A7EA7C2DDD45F500D57985 /* AVFoundation.framework */,
			);
			sourceTree = "<group>";
		};
		96A7EA502DDD45F200D57984 /* Products */ = {
			isa = PBXGroup;
			children = (
				96A7EA4F2DDD45F200D57984 /* intellijpa.app */,
				96A7EA5F2DDD45F500D57984 /* intellijpaTests.xctest */,
				96A7EA692DDD45F500D57984 /* intellijpaUITests.xctest */,
			);
			name = Products;
			sourceTree = "<group>";
		};
		96A7EA7D2DDD45F500D57986 /* AVFoundation.framework in Frameworks */ = {isa = PBXBuildFile; fileRef = 96A7EA7C2DDD45F500D57985 /* AVFoundation.framework */; };
		96A7EA802DDD45F500D57989 /* AudioRecorder.swift in Sources */ = {isa = PBXBuildFile; fileRef = 96A7EA7F2DDD45F500D57988 /* AudioRecorder.swift */; };
		96A7EA842DDD45F500D57993 /* ContentView.swift in Sources */ = {isa = PBXBuildFile; fileRef = 96A7EA812DDD45F500D57990 /* ContentView.swift */; };
		96A7EA852DDD45F500D57994 /* Item.swift in Sources */ = {isa = PBXBuildFile; fileRef = 96A7EA822DDD45F500D57991 /* Item.swift */; };
		96A7EA862DDD45F500D57995 /* intellijpaApp.swift in Sources */ = {isa = PBXBuildFile; fileRef = 96A7EA832DDD45F500D57992 /* intellijpaApp.swift */; };
		96A7EA892DDD45F500D57998 /* Assets.xcassets in Resources */ = {isa = PBXBuildFile; fileRef = 96A7EA872DDD45F500D57996 /* Assets.xcassets */; };
		96A7EA8A2DDD45F500D57999 /* intellijpa.entitlements in Resources */ = {isa = PBXBuildFile; fileRef = 96A7EA882DDD45F500D57997 /* intellijpa.entitlements */; };
/* End PBXGroup section */

/* Begin PBXNativeTarget section */
		96A7EA4E2DDD45F200D57984 /* intellijpa */ = {
			isa = PBXNativeTarget;
			buildConfigurationList = 96A7EA732DDD45F500D57984 /* Build configuration list for PBXNativeTarget "intellijpa" */;
			buildPhases = (
				96A7EA4B2DDD45F200D57984 /* Sources */,
				96A7EA4C2DDD45F200D57984 /* Frameworks */,
				96A7EA4D2DDD45F200D57984 /* Resources */,
			);
			buildRules = (
			);
			dependencies = (
			);
			fileSystemSynchronizedGroups = (
				96A7EA512DDD45F200D57984 /* intellijpa */,
			);
			name = intellijpa;
			packageProductDependencies = (
			);
			productName = intellijpa;
			productReference = 96A7EA4F2DDD45F200D57984 /* intellijpa.app */;
			productType = "com.apple.product-type.application";
		};
		96A7EA5E2DDD45F500D57984 /* intellijpaTests */ = {
			isa = PBXNativeTarget;
			buildConfigurationList = 96A7EA762DDD45F500D57984 /* Build configuration list for PBXNativeTarget "intellijpaTests" */;
			buildPhases = (
				96A7EA5B2DDD45F500D57984 /* Sources */,
				96A7EA5C2DDD45F500D57984 /* Frameworks */,
				96A7EA5D2DDD45F500D57984 /* Resources */,
			);
			buildRules = (
			);
			dependencies = (
				96A7EA612DDD45F500D57984 /* PBXTargetDependency */,
			);
			fileSystemSynchronizedGroups = (
				96A7EA622DDD45F500D57984 /* intellijpaTests */,
			);
			name = intellijpaTests;
			packageProductDependencies = (
			);
			productName = intellijpaTests;
			productReference = 96A7EA5F2DDD45F500D57984 /* intellijpaTests.xctest */;
			productType = "com.apple.product-type.bundle.unit-test";
		};
		96A7EA682DDD45F500D57984 /* intellijpaUITests */ = {
			isa = PBXNativeTarget;
			buildConfigurationList = 96A7EA792DDD45F500D57984 /* Build configuration list for PBXNativeTarget "intellijpaUITests" */;
			buildPhases = (
				96A7EA652DDD45F500D57984 /* Sources */,
				96A7EA662DDD45F500D57984 /* Frameworks */,
				96A7EA672DDD45F500D57984 /* Resources */,
			);
			buildRules = (
			);
			dependencies = (
				96A7EA6B2DDD45F500D57984 /* PBXTargetDependency */,
			);
			fileSystemSynchronizedGroups = (
				96A7EA6C2DDD45F500D57984 /* intellijpaUITests */,
			);
			name = intellijpaUITests;
			packageProductDependencies = (
			);
			productName = intellijpaUITests;
			productReference = 96A7EA692DDD45F500D57984 /* intellijpaUITests.xctest */;
			productType = "com.apple.product-type.bundle.ui-testing";
		};
/* End PBXNativeTarget section */

/* Begin PBXProject section */
		96A7EA472DDD45F200D57984 /* Project object */ = {
			isa = PBXProject;
			attributes = {
				BuildIndependentTargetsInParallel = 1;
				LastSwiftUpdateCheck = 1630;
				LastUpgradeCheck = 1630;
				TargetAttributes = {
					96A7EA4E2DDD45F200D57984 = {
						CreatedOnToolsVersion = 16.3;
					};
					96A7EA5E2DDD45F500D57984 = {
						CreatedOnToolsVersion = 16.3;
						TestTargetID = 96A7EA4E2DDD45F200D57984;
					};
					96A7EA682DDD45F500D57984 = {
						CreatedOnToolsVersion = 16.3;
						TestTargetID = 96A7EA4E2DDD45F200D57984;
					};
				};
			};
			buildConfigurationList = 96A7EA4A2DDD45F200D57984 /* Build configuration list for PBXProject "intellijpa" */;
			developmentRegion = en;
			hasScannedForEncodings = 0;
			knownRegions = (
				en,
				Base,
			);
			mainGroup = 96A7EA462DDD45F200D57984;
			minimizedProjectReferenceProxies = 1;
			preferredProjectObjectVersion = 77;
			productRefGroup = 96A7EA502DDD45F200D57984 /* Products */;
			projectDirPath = "";
			projectRoot = "";
			targets = (
				96A7EA4E2DDD45F200D57984 /* intellijpa */,
				96A7EA5E2DDD45F500D57984 /* intellijpaTests */,
				96A7EA682DDD45F500D57984 /* intellijpaUITests */,
			);
		};
/* End PBXProject section */

/* Begin PBXResourcesBuildPhase section */
		96A7EA4D2DDD45F200D57984 /* Resources */ = {
			isa = PBXResourcesBuildPhase;
			buildActionMask = 2147483647;
			files = (
				96A7EA892DDD45F500D57998 /* Assets.xcassets in Resources */,
				96A7EA8A2DDD45F500D57999 /* intellijpa.entitlements in Resources */,
			);
			runOnlyForDeploymentPostprocessing = 0;
		};
		96A7EA5D2DDD45F500D57984 /* Resources */ = {
			isa = PBXResourcesBuildPhase;
			buildActionMask = 2147483647;
			files = (
			);
			runOnlyForDeploymentPostprocessing = 0;
		};
		96A7EA672DDD45F500D57984 /* Resources */ = {
			isa = PBXResourcesBuildPhase;
			buildActionMask = 2147483647;
			files = (
			);
			runOnlyForDeploymentPostprocessing = 0;
		};
/* End PBXResourcesBuildPhase section */

/* Begin PBXSourcesBuildPhase section */
		96A7EA4B2DDD45F200D57984 /* Sources */ = {
			isa = PBXSourcesBuildPhase;
			buildActionMask = 2147483647;
			files = (
				96A7EA802DDD45F500D57989 /* AudioRecorder.swift in Sources */,
				96A7EA842DDD45F500D57993 /* ContentView.swift in Sources */,
				96A7EA852DDD45F500D57994 /* Item.swift in Sources */,
				96A7EA862DDD45F500D57995 /* intellijpaApp.swift in Sources */,
			);
			runOnlyForDeploymentPostprocessing = 0;
		};
		96A7EA5B2DDD45F500D57984 /* Sources */ = {
			isa = PBXSourcesBuildPhase;
			buildActionMask = 2147483647;
			files = (
			);
			runOnlyForDeploymentPostprocessing = 0;
		};
		96A7EA652DDD45F500D57984 /* Sources */ = {
			isa = PBXSourcesBuildPhase;
			buildActionMask = 2147483647;
			files = (
			);
			runOnlyForDeploymentPostprocessing = 0;
		};
/* End PBXSourcesBuildPhase section */

/* Begin PBXTargetDependency section */
		96A7EA612DDD45F500D57984 /* PBXTargetDependency */ = {
			isa = PBXTargetDependency;
			target = 96A7EA4E2DDD45F200D57984 /* intellijpa */;
			targetProxy = 96A7EA602DDD45F500D57984 /* PBXContainerItemProxy */;
		};
		96A7EA6B2DDD45F500D57984 /* PBXTargetDependency */ = {
			isa = PBXTargetDependency;
			target = 96A7EA4E2DDD45F200D57984 /* intellijpa */;
			targetProxy = 96A7EA6A2DDD45F500D57984 /* PBXContainerItemProxy */;
		};
/* End PBXTargetDependency section */

/* Begin XCBuildConfiguration section */
		96A7EA712DDD45F500D57984 /* Debug */ = {
			isa = XCBuildConfiguration;
			buildSettings = {
				ALWAYS_SEARCH_USER_PATHS = NO;
				ASSETCATALOG_COMPILER_GENERATE_SWIFT_ASSET_SYMBOL_EXTENSIONS = YES;
				CLANG_ANALYZER_NONNULL = YES;
				CLANG_ANALYZER_NUMBER_OBJECT_CONVERSION = YES_AGGRESSIVE;
				CLANG_CXX_LANGUAGE_STANDARD = "gnu++20";
				CLANG_ENABLE_MODULES = YES;
				CLANG_ENABLE_OBJC_ARC = YES;
				CLANG_ENABLE_OBJC_WEAK = YES;
				CLANG_WARN_BLOCK_CAPTURE_AUTORELEASING = YES;
				CLANG_WARN_BOOL_CONVERSION = YES;
				CLANG_WARN_COMMA = YES;
				CLANG_WARN_CONSTANT_CONVERSION = YES;
				CLANG_WARN_DEPRECATED_OBJC_IMPLEMENTATIONS = YES;
				CLANG_WARN_DIRECT_OBJC_ISA_USAGE = YES_ERROR;
				CLANG_WARN_DOCUMENTATION_COMMENTS = YES;
				CLANG_WARN_EMPTY_BODY = YES;
				CLANG_WARN_ENUM_CONVERSION = YES;
				CLANG_WARN_INFINITE_RECURSION = YES;
				CLANG_WARN_INT_CONVERSION = YES;
				CLANG_WARN_NON_LITERAL_NULL_CONVERSION = YES;
				CLANG_WARN_OBJC_IMPLICIT_RETAIN_SELF = YES;
				CLANG_WARN_OBJC_LITERAL_CONVERSION = YES;
				CLANG_WARN_OBJC_ROOT_CLASS = YES_ERROR;
				CLANG_WARN_QUOTED_INCLUDE_IN_FRAMEWORK_HEADER = YES;
				CLANG_WARN_RANGE_LOOP_ANALYSIS = YES;
				CLANG_WARN_STRICT_PROTOTYPES = YES;
				CLANG_WARN_SUSPICIOUS_MOVE = YES;
				CLANG_WARN_UNGUARDED_AVAILABILITY = YES_AGGRESSIVE;
				CLANG_WARN_UNREACHABLE_CODE = YES;
				CLANG_WARN__DUPLICATE_METHOD_MATCH = YES;
				COPY_PHASE_STRIP = NO;
				DEBUG_INFORMATION_FORMAT = dwarf;
				ENABLE_STRICT_OBJC_MSGSEND = YES;
				ENABLE_TESTABILITY = YES;
				ENABLE_USER_SCRIPT_SANDBOXING = YES;
				GCC_C_LANGUAGE_STANDARD = gnu17;
				GCC_DYNAMIC_NO_PIC = NO;
				GCC_NO_COMMON_BLOCKS = YES;
				GCC_OPTIMIZATION_LEVEL = 0;
				GCC_PREPROCESSOR_DEFINITIONS = (
					"DEBUG=1",
					"$(inherited)",
				);
				GCC_WARN_64_TO_32_BIT_CONVERSION = YES;
				GCC_WARN_ABOUT_RETURN_TYPE = YES_ERROR;
				GCC_WARN_UNDECLARED_SELECTOR = YES;
				GCC_WARN_UNINITIALIZED_AUTOS = YES_AGGRESSIVE;
				GCC_WARN_UNUSED_FUNCTION = YES;
				GCC_WARN_UNUSED_VARIABLE = YES;
				LOCALIZATION_PREFERS_STRING_CATALOGS = YES;
				MACOSX_DEPLOYMENT_TARGET = 15.4;
				MTL_ENABLE_DEBUG_INFO = INCLUDE_SOURCE;
				MTL_FAST_MATH = YES;
				ONLY_ACTIVE_ARCH = YES;
				SDKROOT = macosx;
				SWIFT_ACTIVE_COMPILATION_CONDITIONS = "DEBUG $(inherited)";
				SWIFT_OPTIMIZATION_LEVEL = "-Onone";
			};
			name = Debug;
		};
		96A7EA722DDD45F500D57984 /* Release */ = {
			isa = XCBuildConfiguration;
			buildSettings = {
				ALWAYS_SEARCH_USER_PATHS = NO;
				ASSETCATALOG_COMPILER_GENERATE_SWIFT_ASSET_SYMBOL_EXTENSIONS = YES;
				CLANG_ANALYZER_NONNULL = YES;
				CLANG_ANALYZER_NUMBER_OBJECT_CONVERSION = YES_AGGRESSIVE;
				CLANG_CXX_LANGUAGE_STANDARD = "gnu++20";
				CLANG_ENABLE_MODULES = YES;
				CLANG_ENABLE_OBJC_ARC = YES;
				CLANG_ENABLE_OBJC_WEAK = YES;
				CLANG_WARN_BLOCK_CAPTURE_AUTORELEASING = YES;
				CLANG_WARN_BOOL_CONVERSION = YES;
				CLANG_WARN_COMMA = YES;
				CLANG_WARN_CONSTANT_CONVERSION = YES;
				CLANG_WARN_DEPRECATED_OBJC_IMPLEMENTATIONS = YES;
				CLANG_WARN_DIRECT_OBJC_ISA_USAGE = YES_ERROR;
				CLANG_WARN_DOCUMENTATION_COMMENTS = YES;
				CLANG_WARN_EMPTY_BODY = YES;
				CLANG_WARN_ENUM_CONVERSION = YES;
				CLANG_WARN_INFINITE_RECURSION = YES;
				CLANG_WARN_INT_CONVERSION = YES;
				CLANG_WARN_NON_LITERAL_NULL_CONVERSION = YES;
				CLANG_WARN_OBJC_IMPLICIT_RETAIN_SELF = YES;
				CLANG_WARN_OBJC_LITERAL_CONVERSION = YES;
				CLANG_WARN_OBJC_ROOT_CLASS = YES_ERROR;
				CLANG_WARN_QUOTED_INCLUDE_IN_FRAMEWORK_HEADER = YES;
				CLANG_WARN_RANGE_LOOP_ANALYSIS = YES;
				CLANG_WARN_STRICT_PROTOTYPES = YES;
				CLANG_WARN_SUSPICIOUS_MOVE = YES;
				CLANG_WARN_UNGUARDED_AVAILABILITY = YES_AGGRESSIVE;
				CLANG_WARN_UNREACHABLE_CODE = YES;
				CLANG_WARN__DUPLICATE_METHOD_MATCH = YES;
				COPY_PHASE_STRIP = NO;
				DEBUG_INFORMATION_FORMAT = "dwarf-with-dsym";
				ENABLE_NS_ASSERTIONS = NO;
				ENABLE_STRICT_OBJC_MSGSEND = YES;
				ENABLE_USER_SCRIPT_SANDBOXING = YES;
				GCC_C_LANGUAGE_STANDARD = gnu17;
				GCC_NO_COMMON_BLOCKS = YES;
				GCC_WARN_64_TO_32_BIT_CONVERSION = YES;
				GCC_WARN_ABOUT_RETURN_TYPE = YES_ERROR;
				GCC_WARN_UNDECLARED_SELECTOR = YES;
				GCC_WARN_UNINITIALIZED_AUTOS = YES_AGGRESSIVE;
				GCC_WARN_UNUSED_FUNCTION = YES;
				GCC_WARN_UNUSED_VARIABLE = YES;
				LOCALIZATION_PREFERS_STRING_CATALOGS = YES;
				MACOSX_DEPLOYMENT_TARGET = 15.4;
				MTL_ENABLE_DEBUG_INFO = NO;
				MTL_FAST_MATH = YES;
				SDKROOT = macosx;
				SWIFT_COMPILATION_MODE = wholemodule;
			};
			name = Release;
		};
		96A7EA742DDD45F500D57984 /* Debug */ = {
			isa = XCBuildConfiguration;
			buildSettings = {
				ASSETCATALOG_COMPILER_APPICON_NAME = AppIcon;
				ASSETCATALOG_COMPILER_GLOBAL_ACCENT_COLOR_NAME = AccentColor;
				CODE_SIGN_ENTITLEMENTS = intellijpa/intellijpa.entitlements;
				CODE_SIGN_STYLE = Automatic;
				COMBINE_HIDPI_IMAGES = YES;
				CURRENT_PROJECT_VERSION = 1;
				ENABLE_PREVIEWS = YES;
				GENERATE_INFOPLIST_FILE = YES;
				INFOPLIST_FILE = intellijpa/Info.plist;
				INFOPLIST_KEY_NSHumanReadableCopyright = "";
				LD_RUNPATH_SEARCH_PATHS = (
					"$(inherited)",
					"@executable_path/../Frameworks",
				);
				MACOSX_DEPLOYMENT_TARGET = 14.0;
				MARKETING_VERSION = 1.0;
				PRODUCT_BUNDLE_IDENTIFIER = com.ridwanabdsalam.intellijpa;
				PRODUCT_NAME = "$(TARGET_NAME)";
				REGISTER_APP_GROUPS = YES;
				SWIFT_EMIT_LOC_STRINGS = YES;
				SWIFT_VERSION = 5.0;
			};
			name = Debug;
		};
		96A7EA752DDD45F500D57984 /* Release */ = {
			isa = XCBuildConfiguration;
			buildSettings = {
				ASSETCATALOG_COMPILER_APPICON_NAME = AppIcon;
				ASSETCATALOG_COMPILER_GLOBAL_ACCENT_COLOR_NAME = AccentColor;
				CODE_SIGN_ENTITLEMENTS = intellijpa/intellijpa.entitlements;
				CODE_SIGN_STYLE = Automatic;
				COMBINE_HIDPI_IMAGES = YES;
				CURRENT_PROJECT_VERSION = 1;
				ENABLE_PREVIEWS = YES;
				GENERATE_INFOPLIST_FILE = YES;
				INFOPLIST_FILE = intellijpa/Info.plist;
				INFOPLIST_KEY_NSHumanReadableCopyright = "";
				LD_RUNPATH_SEARCH_PATHS = (
					"$(inherited)",
					"@executable_path/../Frameworks",
				);
				MACOSX_DEPLOYMENT_TARGET = 14.0;
				MARKETING_VERSION = 1.0;
				PRODUCT_BUNDLE_IDENTIFIER = com.ridwanabdsalam.intellijpa;
				PRODUCT_NAME = "$(TARGET_NAME)";
				REGISTER_APP_GROUPS = YES;
				SWIFT_EMIT_LOC_STRINGS = YES;
				SWIFT_VERSION = 5.0;
			};
			name = Release;
		};
		96A7EA772DDD45F500D57984 /* Debug */ = {
			isa = XCBuildConfiguration;
			buildSettings = {
				BUNDLE_LOADER = "$(TEST_HOST)";
				CODE_SIGN_STYLE = Automatic;
				CURRENT_PROJECT_VERSION = 1;
				GENERATE_INFOPLIST_FILE = YES;
				MACOSX_DEPLOYMENT_TARGET = 14.0;
				MARKETING_VERSION = 1.0;
				PRODUCT_BUNDLE_IDENTIFIER = com.ridwanabdsalam.intellijpaTests;
				PRODUCT_NAME = "$(TARGET_NAME)";
				SWIFT_EMIT_LOC_STRINGS = NO;
				SWIFT_VERSION = 5.0;
				TEST_HOST = "$(BUILT_PRODUCTS_DIR)/intellijpa.app/$(BUNDLE_EXECUTABLE_FOLDER_PATH)/intellijpa";
			};
			name = Debug;
		};
		96A7EA782DDD45F500D57984 /* Release */ = {
			isa = XCBuildConfiguration;
			buildSettings = {
				BUNDLE_LOADER = "$(TEST_HOST)";
				CODE_SIGN_STYLE = Automatic;
				CURRENT_PROJECT_VERSION = 1;
				GENERATE_INFOPLIST_FILE = YES;
				MACOSX_DEPLOYMENT_TARGET = 14.0;
				MARKETING_VERSION = 1.0;
				PRODUCT_BUNDLE_IDENTIFIER = com.ridwanabdsalam.intellijpaTests;
				PRODUCT_NAME = "$(TARGET_NAME)";
				SWIFT_EMIT_LOC_STRINGS = NO;
				SWIFT_VERSION = 5.0;
				TEST_HOST = "$(BUILT_PRODUCTS_DIR)/intellijpa.app/$(BUNDLE_EXECUTABLE_FOLDER_PATH)/intellijpa";
			};
			name = Release;
		};
		96A7EA7A2DDD45F500D57984 /* Debug */ = {
			isa = XCBuildConfiguration;
			buildSettings = {
				CODE_SIGN_STYLE = Automatic;
				CURRENT_PROJECT_VERSION = 1;
				GENERATE_INFOPLIST_FILE = YES;
				MARKETING_VERSION = 1.0;
				PRODUCT_BUNDLE_IDENTIFIER = com.ridwanabdsalam.intellijpaUITests;
				PRODUCT_NAME = "$(TARGET_NAME)";
				SWIFT_EMIT_LOC_STRINGS = NO;
				SWIFT_VERSION = 5.0;
				TEST_TARGET_NAME = intellijpa;
			};
			name = Debug;
		};
		96A7EA7B2DDD45F500D57984 /* Release */ = {
			isa = XCBuildConfiguration;
			buildSettings = {
				CODE_SIGN_STYLE = Automatic;
				CURRENT_PROJECT_VERSION = 1;
				GENERATE_INFOPLIST_FILE = YES;
				MARKETING_VERSION = 1.0;
				PRODUCT_BUNDLE_IDENTIFIER = com.ridwanabdsalam.intellijpaUITests;
				PRODUCT_NAME = "$(TARGET_NAME)";
				SWIFT_EMIT_LOC_STRINGS = NO;
				SWIFT_VERSION = 5.0;
				TEST_TARGET_NAME = intellijpa;
			};
			name = Release;
		};
/* End XCBuildConfiguration section */

/* Begin XCConfigurationList section */
		96A7EA4A2DDD45F200D57984 /* Build configuration list for PBXProject "intellijpa" */ = {
			isa = XCConfigurationList;
			buildConfigurations = (
				96A7EA712DDD45F500D57984 /* Debug */,
				96A7EA722DDD45F500D57984 /* Release */,
			);
			defaultConfigurationIsVisible = 0;
			defaultConfigurationName = Release;
		};
		96A7EA732DDD45F500D57984 /* Build configuration list for PBXNativeTarget "intellijpa" */ = {
			isa = XCConfigurationList;
			buildConfigurations = (
				96A7EA742DDD45F500D57984 /* Debug */,
				96A7EA752DDD45F500D57984 /* Release */,
			);
			defaultConfigurationIsVisible = 0;
			defaultConfigurationName = Release;
		};
		96A7EA762DDD45F500D57984 /* Build configuration list for PBXNativeTarget "intellijpaTests" */ = {
			isa = XCConfigurationList;
			buildConfigurations = (
				96A7EA772DDD45F500D57984 /* Debug */,
				96A7EA782DDD45F500D57984 /* Release */,
			);
			defaultConfigurationIsVisible = 0;
			defaultConfigurationName = Release;
		};
		96A7EA792DDD45F500D57984 /* Build configuration list for PBXNativeTarget "intellijpaUITests" */ = {
			isa = XCConfigurationList;
			buildConfigurations = (
				96A7EA7A2DDD45F500D57984 /* Debug */,
				96A7EA7B2DDD45F500D57984 /* Release */,
			);
			defaultConfigurationIsVisible = 0;
			defaultConfigurationName = Release;
		};
/* End XCConfigurationList section */
	};
	rootObject = 96A7EA472DDD45F200D57984 /* Project object */;
}
